// !$*UTF8*$!
{
	archiveVersion = 1;
	classes = {
	};
	objectVersion = 52;
	objects = {

/* Begin PBXBuildFile section */
		953BB84324AB495200A838A2 /* LoginUI in Frameworks */ = {isa = PBXBuildFile; productRef = 953BB84224AB495200A838A2 /* LoginUI */; };
		953BB84524AB4AAC00A838A2 /* LoginManager.swift in Sources */ = {isa = PBXBuildFile; fileRef = 953BB84424AB4AAC00A838A2 /* LoginManager.swift */; };
		9552A08D24AAED420040EC46 /* AppDelegate.swift in Sources */ = {isa = PBXBuildFile; fileRef = 9552A08C24AAED420040EC46 /* AppDelegate.swift */; };
		9552A08F24AAED420040EC46 /* SceneDelegate.swift in Sources */ = {isa = PBXBuildFile; fileRef = 9552A08E24AAED420040EC46 /* SceneDelegate.swift */; };
		9552A09124AAED420040EC46 /* ViewController.swift in Sources */ = {isa = PBXBuildFile; fileRef = 9552A09024AAED420040EC46 /* ViewController.swift */; };
		9552A09424AAED420040EC46 /* Main.storyboard in Resources */ = {isa = PBXBuildFile; fileRef = 9552A09224AAED420040EC46 /* Main.storyboard */; };
		9552A09624AAED430040EC46 /* Assets.xcassets in Resources */ = {isa = PBXBuildFile; fileRef = 9552A09524AAED430040EC46 /* Assets.xcassets */; };
		9552A09924AAED430040EC46 /* LaunchScreen.storyboard in Resources */ = {isa = PBXBuildFile; fileRef = 9552A09724AAED430040EC46 /* LaunchScreen.storyboard */; };
		9552A0A224AAED820040EC46 /* ProHUD in Frameworks */ = {isa = PBXBuildFile; productRef = 9552A0A124AAED820040EC46 /* ProHUD */; };
		9552A0A524AAEF750040EC46 /* LeanCloud in Frameworks */ = {isa = PBXBuildFile; productRef = 9552A0A424AAEF750040EC46 /* LeanCloud */; };
/* End PBXBuildFile section */

/* Begin PBXFileReference section */
		953BB84424AB4AAC00A838A2 /* LoginManager.swift */ = {isa = PBXFileReference; lastKnownFileType = sourcecode.swift; path = LoginManager.swift; sourceTree = "<group>"; };
		9552A08924AAED420040EC46 /* LeanData.app */ = {isa = PBXFileReference; explicitFileType = wrapper.application; includeInIndex = 0; path = LeanData.app; sourceTree = BUILT_PRODUCTS_DIR; };
		9552A08C24AAED420040EC46 /* AppDelegate.swift */ = {isa = PBXFileReference; lastKnownFileType = sourcecode.swift; path = AppDelegate.swift; sourceTree = "<group>"; };
		9552A08E24AAED420040EC46 /* SceneDelegate.swift */ = {isa = PBXFileReference; lastKnownFileType = sourcecode.swift; path = SceneDelegate.swift; sourceTree = "<group>"; };
		9552A09024AAED420040EC46 /* ViewController.swift */ = {isa = PBXFileReference; lastKnownFileType = sourcecode.swift; path = ViewController.swift; sourceTree = "<group>"; };
		9552A09324AAED420040EC46 /* Base */ = {isa = PBXFileReference; lastKnownFileType = file.storyboard; name = Base; path = Base.lproj/Main.storyboard; sourceTree = "<group>"; };
		9552A09524AAED430040EC46 /* Assets.xcassets */ = {isa = PBXFileReference; lastKnownFileType = folder.assetcatalog; path = Assets.xcassets; sourceTree = "<group>"; };
		9552A09824AAED430040EC46 /* Base */ = {isa = PBXFileReference; lastKnownFileType = file.storyboard; name = Base; path = Base.lproj/LaunchScreen.storyboard; sourceTree = "<group>"; };
		9552A09A24AAED430040EC46 /* Info.plist */ = {isa = PBXFileReference; lastKnownFileType = text.plist.xml; path = Info.plist; sourceTree = "<group>"; };
/* End PBXFileReference section */

/* Begin PBXFrameworksBuildPhase section */
		9552A08624AAED420040EC46 /* Frameworks */ = {
			isa = PBXFrameworksBuildPhase;
			buildActionMask = 2147483647;
			files = (
				953BB84324AB495200A838A2 /* LoginUI in Frameworks */,
				9552A0A524AAEF750040EC46 /* LeanCloud in Frameworks */,
				9552A0A224AAED820040EC46 /* ProHUD in Frameworks */,
			);
			runOnlyForDeploymentPostprocessing = 0;
		};
/* End PBXFrameworksBuildPhase section */

/* Begin PBXGroup section */
		9552A08024AAED420040EC46 = {
			isa = PBXGroup;
			children = (
				9552A08B24AAED420040EC46 /* LeanData */,
				9552A08A24AAED420040EC46 /* Products */,
			);
			sourceTree = "<group>";
		};
		9552A08A24AAED420040EC46 /* Products */ = {
			isa = PBXGroup;
			children = (
				9552A08924AAED420040EC46 /* LeanData.app */,
			);
			name = Products;
			sourceTree = "<group>";
		};
		9552A08B24AAED420040EC46 /* LeanData */ = {
			isa = PBXGroup;
			children = (
				9552A08C24AAED420040EC46 /* AppDelegate.swift */,
				9552A08E24AAED420040EC46 /* SceneDelegate.swift */,
				953BB84424AB4AAC00A838A2 /* LoginManager.swift */,
				9552A09024AAED420040EC46 /* ViewController.swift */,
				9552A09224AAED420040EC46 /* Main.storyboard */,
				9552A09524AAED430040EC46 /* Assets.xcassets */,
				9552A09724AAED430040EC46 /* LaunchScreen.storyboard */,
				9552A09A24AAED430040EC46 /* Info.plist */,
			);
			path = LeanData;
			sourceTree = "<group>";
		};
/* End PBXGroup section */

/* Begin PBXNativeTarget section */
		9552A08824AAED420040EC46 /* LeanData */ = {
			isa = PBXNativeTarget;
			buildConfigurationList = 9552A09D24AAED430040EC46 /* Build configuration list for PBXNativeTarget "LeanData" */;
			buildPhases = (
				9552A08524AAED420040EC46 /* Sources */,
				9552A08624AAED420040EC46 /* Frameworks */,
				9552A08724AAED420040EC46 /* Resources */,
			);
			buildRules = (
			);
			dependencies = (
			);
			name = LeanData;
			packageProductDependencies = (
				9552A0A124AAED820040EC46 /* ProHUD */,
				9552A0A424AAEF750040EC46 /* LeanCloud */,
				953BB84224AB495200A838A2 /* LoginUI */,
			);
			productName = LeanData;
			productReference = 9552A08924AAED420040EC46 /* LeanData.app */;
			productType = "com.apple.product-type.application";
		};
/* End PBXNativeTarget section */

/* Begin PBXProject section */
		9552A08124AAED420040EC46 /* Project object */ = {
			isa = PBXProject;
			attributes = {
				LastSwiftUpdateCheck = 1150;
				LastUpgradeCheck = 1150;
				ORGANIZATIONNAME = xaoxuu;
				TargetAttributes = {
					9552A08824AAED420040EC46 = {
						CreatedOnToolsVersion = 11.5;
					};
				};
			};
			buildConfigurationList = 9552A08424AAED420040EC46 /* Build configuration list for PBXProject "LeanData" */;
			compatibilityVersion = "Xcode 9.3";
			developmentRegion = en;
			hasScannedForEncodings = 0;
			knownRegions = (
				en,
				Base,
			);
			mainGroup = 9552A08024AAED420040EC46;
			packageReferences = (
				9552A0A024AAED820040EC46 /* XCRemoteSwiftPackageReference "ProHUD" */,
				9552A0A324AAEF750040EC46 /* XCRemoteSwiftPackageReference "leancloud" */,
				953BB84124AB495200A838A2 /* XCRemoteSwiftPackageReference "LoginUI" */,
			);
			productRefGroup = 9552A08A24AAED420040EC46 /* Products */;
			projectDirPath = "";
			projectRoot = "";
			targets = (
				9552A08824AAED420040EC46 /* LeanData */,
			);
		};
/* End PBXProject section */

/* Begin PBXResourcesBuildPhase section */
		9552A08724AAED420040EC46 /* Resources */ = {
			isa = PBXResourcesBuildPhase;
			buildActionMask = 2147483647;
			files = (
				9552A09924AAED430040EC46 /* LaunchScreen.storyboard in Resources */,
				9552A09624AAED430040EC46 /* Assets.xcassets in Resources */,
				9552A09424AAED420040EC46 /* Main.storyboard in Resources */,
			);
			runOnlyForDeploymentPostprocessing = 0;
		};
/* End PBXResourcesBuildPhase section */

/* Begin PBXSourcesBuildPhase section */
		9552A08524AAED420040EC46 /* Sources */ = {
			isa = PBXSourcesBuildPhase;
			buildActionMask = 2147483647;
			files = (
				9552A09124AAED420040EC46 /* ViewController.swift in Sources */,
				953BB84524AB4AAC00A838A2 /* LoginManager.swift in Sources */,
				9552A08D24AAED420040EC46 /* AppDelegate.swift in Sources */,
				9552A08F24AAED420040EC46 /* SceneDelegate.swift in Sources */,
			);
			runOnlyForDeploymentPostprocessing = 0;
		};
/* End PBXSourcesBuildPhase section */

/* Begin PBXVariantGroup section */
		9552A09224AAED420040EC46 /* Main.storyboard */ = {
			isa = PBXVariantGroup;
			children = (
				9552A09324AAED420040EC46 /* Base */,
			);
			name = Main.storyboard;
			sourceTree = "<group>";
		};
		9552A09724AAED430040EC46 /* LaunchScreen.storyboard */ = {
			isa = PBXVariantGroup;
			children = (
				9552A09824AAED430040EC46 /* Base */,
			);
			name = LaunchScreen.storyboard;
			sourceTree = "<group>";
		};
/* End PBXVariantGroup section */

/* Begin XCBuildConfiguration section */
		9552A09B24AAED430040EC46 /* Debug */ = {
			isa = XCBuildConfiguration;
			buildSettings = {
				ALWAYS_SEARCH_USER_PATHS = NO;
				CLANG_ANALYZER_NONNULL = YES;
				CLANG_ANALYZER_NUMBER_OBJECT_CONVERSION = YES_AGGRESSIVE;
				CLANG_CXX_LANGUAGE_STANDARD = "gnu++14";
				CLANG_CXX_LIBRARY = "libc++";
				CLANG_ENABLE_MODULES = YES;
				CLANG_ENABLE_OBJC_ARC = YES;
				CLANG_ENABLE_OBJC_WEAK = YES;
				CLANG_WARN_BLOCK_CAPTURE_AUTORELEASING = YES;
				CLANG_WARN_BOOL_CONVERSION = YES;
				CLANG_WARN_COMMA = YES;
				CLANG_WARN_CONSTANT_CONVERSION = YES;
				CLANG_WARN_DEPRECATED_OBJC_IMPLEMENTATIONS = YES;
				CLANG_WARN_DIRECT_OBJC_ISA_USAGE = YES_ERROR;
				CLANG_WARN_DOCUMENTATION_COMMENTS = YES;
				CLANG_WARN_EMPTY_BODY = YES;
				CLANG_WARN_ENUM_CONVERSION = YES;
				CLANG_WARN_INFINITE_RECURSION = YES;
				CLANG_WARN_INT_CONVERSION = YES;
				CLANG_WARN_NON_LITERAL_NULL_CONVERSION = YES;
				CLANG_WARN_OBJC_IMPLICIT_RETAIN_SELF = YES;
				CLANG_WARN_OBJC_LITERAL_CONVERSION = YES;
				CLANG_WARN_OBJC_ROOT_CLASS = YES_ERROR;
				CLANG_WARN_RANGE_LOOP_ANALYSIS = YES;
				CLANG_WARN_STRICT_PROTOTYPES = YES;
				CLANG_WARN_SUSPICIOUS_MOVE = YES;
				CLANG_WARN_UNGUARDED_AVAILABILITY = YES_AGGRESSIVE;
				CLANG_WARN_UNREACHABLE_CODE = YES;
				CLANG_WARN__DUPLICATE_METHOD_MATCH = YES;
				COPY_PHASE_STRIP = NO;
				DEBUG_INFORMATION_FORMAT = dwarf;
				ENABLE_STRICT_OBJC_MSGSEND = YES;
				ENABLE_TESTABILITY = YES;
				GCC_C_LANGUAGE_STANDARD = gnu11;
				GCC_DYNAMIC_NO_PIC = NO;
				GCC_NO_COMMON_BLOCKS = YES;
				GCC_OPTIMIZATION_LEVEL = 0;
				GCC_PREPROCESSOR_DEFINITIONS = (
					"DEBUG=1",
					"$(inherited)",
				);
				GCC_WARN_64_TO_32_BIT_CONVERSION = YES;
				GCC_WARN_ABOUT_RETURN_TYPE = YES_ERROR;
				GCC_WARN_UNDECLARED_SELECTOR = YES;
				GCC_WARN_UNINITIALIZED_AUTOS = YES_AGGRESSIVE;
				GCC_WARN_UNUSED_FUNCTION = YES;
				GCC_WARN_UNUSED_VARIABLE = YES;
				IPHONEOS_DEPLOYMENT_TARGET = 13.0;
				MTL_ENABLE_DEBUG_INFO = INCLUDE_SOURCE;
				MTL_FAST_MATH = YES;
				ONLY_ACTIVE_ARCH = YES;
				SDKROOT = iphoneos;
				SWIFT_ACTIVE_COMPILATION_CONDITIONS = DEBUG;
				SWIFT_OPTIMIZATION_LEVEL = "-Onone";
			};
			name = Debug;
		};
		9552A09C24AAED430040EC46 /* Release */ = {
			isa = XCBuildConfiguration;
			buildSettings = {
				ALWAYS_SEARCH_USER_PATHS = NO;
				CLANG_ANALYZER_NONNULL = YES;
				CLANG_ANALYZER_NUMBER_OBJECT_CONVERSION = YES_AGGRESSIVE;
				CLANG_CXX_LANGUAGE_STANDARD = "gnu++14";
				CLANG_CXX_LIBRARY = "libc++";
				CLANG_ENABLE_MODULES = YES;
				CLANG_ENABLE_OBJC_ARC = YES;
				CLANG_ENABLE_OBJC_WEAK = YES;
				CLANG_WARN_BLOCK_CAPTURE_AUTORELEASING = YES;
				CLANG_WARN_BOOL_CONVERSION = YES;
				CLANG_WARN_COMMA = YES;
				CLANG_WARN_CONSTANT_CONVERSION = YES;
				CLANG_WARN_DEPRECATED_OBJC_IMPLEMENTATIONS = YES;
				CLANG_WARN_DIRECT_OBJC_ISA_USAGE = YES_ERROR;
				CLANG_WARN_DOCUMENTATION_COMMENTS = YES;
				CLANG_WARN_EMPTY_BODY = YES;
				CLANG_WARN_ENUM_CONVERSION = YES;
				CLANG_WARN_INFINITE_RECURSION = YES;
				CLANG_WARN_INT_CONVERSION = YES;
				CLANG_WARN_NON_LITERAL_NULL_CONVERSION = YES;
				CLANG_WARN_OBJC_IMPLICIT_RETAIN_SELF = YES;
				CLANG_WARN_OBJC_LITERAL_CONVERSION = YES;
				CLANG_WARN_OBJC_ROOT_CLASS = YES_ERROR;
				CLANG_WARN_RANGE_LOOP_ANALYSIS = YES;
				CLANG_WARN_STRICT_PROTOTYPES = YES;
				CLANG_WARN_SUSPICIOUS_MOVE = YES;
				CLANG_WARN_UNGUARDED_AVAILABILITY = YES_AGGRESSIVE;
				CLANG_WARN_UNREACHABLE_CODE = YES;
				CLANG_WARN__DUPLICATE_METHOD_MATCH = YES;
				COPY_PHASE_STRIP = NO;
				DEBUG_INFORMATION_FORMAT = "dwarf-with-dsym";
				ENABLE_NS_ASSERTIONS = NO;
				ENABLE_STRICT_OBJC_MSGSEND = YES;
				GCC_C_LANGUAGE_STANDARD = gnu11;
				GCC_NO_COMMON_BLOCKS = YES;
				GCC_WARN_64_TO_32_BIT_CONVERSION = YES;
				GCC_WARN_ABOUT_RETURN_TYPE = YES_ERROR;
				GCC_WARN_UNDECLARED_SELECTOR = YES;
				GCC_WARN_UNINITIALIZED_AUTOS = YES_AGGRESSIVE;
				GCC_WARN_UNUSED_FUNCTION = YES;
				GCC_WARN_UNUSED_VARIABLE = YES;
				IPHONEOS_DEPLOYMENT_TARGET = 13.0;
				MTL_ENABLE_DEBUG_INFO = NO;
				MTL_FAST_MATH = YES;
				SDKROOT = iphoneos;
				SWIFT_COMPILATION_MODE = wholemodule;
				SWIFT_OPTIMIZATION_LEVEL = "-O";
				VALIDATE_PRODUCT = YES;
			};
			name = Release;
		};
		9552A09E24AAED430040EC46 /* Debug */ = {
			isa = XCBuildConfiguration;
			buildSettings = {
				ASSETCATALOG_COMPILER_APPICON_NAME = AppIcon;
				CODE_SIGN_STYLE = Automatic;
				DEVELOPMENT_TEAM = 34W5TB5KD2;
				INFOPLIST_FILE = LeanData/Info.plist;
				LD_RUNPATH_SEARCH_PATHS = (
					"$(inherited)",
					"@executable_path/Frameworks",
				);
				PRODUCT_BUNDLE_IDENTIFIER = com.xaoxuu.leandata;
				PRODUCT_NAME = "$(TARGET_NAME)";
				SWIFT_VERSION = 5.0;
				TARGETED_DEVICE_FAMILY = "1,2";
			};
			name = Debug;
		};
		9552A09F24AAED430040EC46 /* Release */ = {
			isa = XCBuildConfiguration;
			buildSettings = {
				ASSETCATALOG_COMPILER_APPICON_NAME = AppIcon;
				CODE_SIGN_STYLE = Automatic;
				DEVELOPMENT_TEAM = 34W5TB5KD2;
				INFOPLIST_FILE = LeanData/Info.plist;
				LD_RUNPATH_SEARCH_PATHS = (
					"$(inherited)",
					"@executable_path/Frameworks",
				);
				PRODUCT_BUNDLE_IDENTIFIER = com.xaoxuu.leandata;
				PRODUCT_NAME = "$(TARGET_NAME)";
				SWIFT_VERSION = 5.0;
				TARGETED_DEVICE_FAMILY = "1,2";
			};
			name = Release;
		};
/* End XCBuildConfiguration section */

/* Begin XCConfigurationList section */
		9552A08424AAED420040EC46 /* Build configuration list for PBXProject "LeanData" */ = {
			isa = XCConfigurationList;
			buildConfigurations = (
				9552A09B24AAED430040EC46 /* Debug */,
				9552A09C24AAED430040EC46 /* Release */,
			);
			defaultConfigurationIsVisible = 0;
			defaultConfigurationName = Release;
		};
		9552A09D24AAED430040EC46 /* Build configuration list for PBXNativeTarget "LeanData" */ = {
			isa = XCConfigurationList;
			buildConfigurations = (
				9552A09E24AAED430040EC46 /* Debug */,
				9552A09F24AAED430040EC46 /* Release */,
			);
			defaultConfigurationIsVisible = 0;
			defaultConfigurationName = Release;
		};
/* End XCConfigurationList section */

/* Begin XCRemoteSwiftPackageReference section */
		953BB84124AB495200A838A2 /* XCRemoteSwiftPackageReference "LoginUI" */ = {
			isa = XCRemoteSwiftPackageReference;
			repositoryURL = "https://github.com/xaoxuu/LoginUI";
			requirement = {
				branch = master;
				kind = branch;
			};
		};
		9552A0A024AAED820040EC46 /* XCRemoteSwiftPackageReference "ProHUD" */ = {
			isa = XCRemoteSwiftPackageReference;
			repositoryURL = "https://github.com/xaoxuu/ProHUD";
			requirement = {
				kind = upToNextMinorVersion;
				minimumVersion = 2.2.2;
			};
		};
		9552A0A324AAEF750040EC46 /* XCRemoteSwiftPackageReference "leancloud" */ = {
			isa = XCRemoteSwiftPackageReference;
			repositoryURL = "https://gitee.com/mirror-x/leancloud";
			requirement = {
				kind = upToNextMinorVersion;
				minimumVersion = 17.5.6;
			};
		};
/* End XCRemoteSwiftPackageReference section */

/* Begin XCSwiftPackageProductDependency section */
		953BB84224AB495200A838A2 /* LoginUI */ = {
			isa = XCSwiftPackageProductDependency;
			package = 953BB84124AB495200A838A2 /* XCRemoteSwiftPackageReference "LoginUI" */;
			productName = LoginUI;
		};
		9552A0A124AAED820040EC46 /* ProHUD */ = {
			isa = XCSwiftPackageProductDependency;
			package = 9552A0A024AAED820040EC46 /* XCRemoteSwiftPackageReference "ProHUD" */;
			productName = ProHUD;
		};
		9552A0A424AAEF750040EC46 /* LeanCloud */ = {
			isa = XCSwiftPackageProductDependency;
			package = 9552A0A324AAEF750040EC46 /* XCRemoteSwiftPackageReference "leancloud" */;
			productName = LeanCloud;
		};
/* End XCSwiftPackageProductDependency section */
	};
	rootObject = 9552A08124AAED420040EC46 /* Project object */;
}
